// !$*UTF8*$!
{
	archiveVersion = 1;
	classes = {
	};
	objectVersion = 56;
	objects = {

/* Begin PBXBuildFile section */
		5FD86F905148E44126CDE182 /* Pods_FavoriteMovies.framework in Frameworks */ = {isa = PBXBuildFile; fileRef = 58933F901F72E2026002447A /* Pods_FavoriteMovies.framework */; };
		D3957C5D28F56FC10034283E /* AppDelegate.swift in Sources */ = {isa = PBXBuildFile; fileRef = D3957C5C28F56FC10034283E /* AppDelegate.swift */; };
		D3957C5F28F56FC10034283E /* SceneDelegate.swift in Sources */ = {isa = PBXBuildFile; fileRef = D3957C5E28F56FC10034283E /* SceneDelegate.swift */; };
		D3957C6628F56FC10034283E /* Assets.xcassets in Resources */ = {isa = PBXBuildFile; fileRef = D3957C6528F56FC10034283E /* Assets.xcassets */; };
		D3957C6928F56FC10034283E /* LaunchScreen.storyboard in Resources */ = {isa = PBXBuildFile; fileRef = D3957C6728F56FC10034283E /* LaunchScreen.storyboard */; };
		D3957C7128F570A90034283E /* MainTabBarViewController.swift in Sources */ = {isa = PBXBuildFile; fileRef = D3957C7028F570A90034283E /* MainTabBarViewController.swift */; };
		D3957C7528F571680034283E /* HomeViewController.swift in Sources */ = {isa = PBXBuildFile; fileRef = D3957C7428F571680034283E /* HomeViewController.swift */; };
		D3957C7728F571890034283E /* UpcomingViewController.swift in Sources */ = {isa = PBXBuildFile; fileRef = D3957C7628F571890034283E /* UpcomingViewController.swift */; };
		D3957C7928F571960034283E /* WatchListViewController.swift in Sources */ = {isa = PBXBuildFile; fileRef = D3957C7828F571960034283E /* WatchListViewController.swift */; };
		D3957C7B28F571AB0034283E /* SearchViewController.swift in Sources */ = {isa = PBXBuildFile; fileRef = D3957C7A28F571AB0034283E /* SearchViewController.swift */; };
		D39F2C0C28FF5CF5008F050B /* TitleCollectionViewCell.swift in Sources */ = {isa = PBXBuildFile; fileRef = D39F2C0B28FF5CF5008F050B /* TitleCollectionViewCell.swift */; };
		D3A281A228FC0CDB008E7BEB /* YoutubeSearchResults.swift in Sources */ = {isa = PBXBuildFile; fileRef = D3A281A128FC0CDB008E7BEB /* YoutubeSearchResults.swift */; };
		D3C20A5E290AB9E1001128AC /* TitleTableViewCell.swift in Sources */ = {isa = PBXBuildFile; fileRef = D3C20A5D290AB9E0001128AC /* TitleTableViewCell.swift */; };
		D3C20A60290ABA1E001128AC /* TitleViewModel.swift in Sources */ = {isa = PBXBuildFile; fileRef = D3C20A5F290ABA1E001128AC /* TitleViewModel.swift */; };
		D3C20A63290ABAA3001128AC /* TitlePreviewViewController.swift in Sources */ = {isa = PBXBuildFile; fileRef = D3C20A62290ABAA3001128AC /* TitlePreviewViewController.swift */; };
		D3C20A65290ABAD3001128AC /* SearchResultsViewController.swift in Sources */ = {isa = PBXBuildFile; fileRef = D3C20A64290ABAD3001128AC /* SearchResultsViewController.swift */; };
		D3CA3C7528FF61F20085B68E /* TitlePreviewViewModel.swift in Sources */ = {isa = PBXBuildFile; fileRef = D3CA3C7428FF61F20085B68E /* TitlePreviewViewModel.swift */; };
		D3CC910829A8ABD60062E2D6 /* Constants.swift in Sources */ = {isa = PBXBuildFile; fileRef = D3CC910629A8ABD60062E2D6 /* Constants.swift */; };
		D3CC910929A8ABD60062E2D6 /* APIHelper.swift in Sources */ = {isa = PBXBuildFile; fileRef = D3CC910729A8ABD60062E2D6 /* APIHelper.swift */; };
		D3CC910C29A8AC7A0062E2D6 /* OpeningScrean.png in Resources */ = {isa = PBXBuildFile; fileRef = D3CC910B29A8AC790062E2D6 /* OpeningScrean.png */; };
		D3EE4B2928FBF321001A3401 /* Tiitles.swift in Sources */ = {isa = PBXBuildFile; fileRef = D3EE4B2828FBF321001A3401 /* Tiitles.swift */; };
		D3F6726328FAC79900EE1711 /* CollecitonViewTableViewCell.swift in Sources */ = {isa = PBXBuildFile; fileRef = D3F6726228FAC79900EE1711 /* CollecitonViewTableViewCell.swift */; };
		D3F6726528FAD19A00EE1711 /* HomePosterUIView.swift in Sources */ = {isa = PBXBuildFile; fileRef = D3F6726428FAD19A00EE1711 /* HomePosterUIView.swift */; };
/* End PBXBuildFile section */

/* Begin PBXFileReference section */
		4F56F49A79565B5550AFB7B8 /* Pods-FavoriteMovies.debug.xcconfig */ = {isa = PBXFileReference; includeInIndex = 1; lastKnownFileType = text.xcconfig; name = "Pods-FavoriteMovies.debug.xcconfig"; path = "Target Support Files/Pods-FavoriteMovies/Pods-FavoriteMovies.debug.xcconfig"; sourceTree = "<group>"; };
		58933F901F72E2026002447A /* Pods_FavoriteMovies.framework */ = {isa = PBXFileReference; explicitFileType = wrapper.framework; includeInIndex = 0; path = Pods_FavoriteMovies.framework; sourceTree = BUILT_PRODUCTS_DIR; };
		814F9818DE5F950D7AF2E275 /* Pods-FavoriteMovies.release.xcconfig */ = {isa = PBXFileReference; includeInIndex = 1; lastKnownFileType = text.xcconfig; name = "Pods-FavoriteMovies.release.xcconfig"; path = "Target Support Files/Pods-FavoriteMovies/Pods-FavoriteMovies.release.xcconfig"; sourceTree = "<group>"; };
		D3957C5928F56FC10034283E /* FavoriteMovies.app */ = {isa = PBXFileReference; explicitFileType = wrapper.application; includeInIndex = 0; path = FavoriteMovies.app; sourceTree = BUILT_PRODUCTS_DIR; };
		D3957C5C28F56FC10034283E /* AppDelegate.swift */ = {isa = PBXFileReference; lastKnownFileType = sourcecode.swift; path = AppDelegate.swift; sourceTree = "<group>"; };
		D3957C5E28F56FC10034283E /* SceneDelegate.swift */ = {isa = PBXFileReference; lastKnownFileType = sourcecode.swift; path = SceneDelegate.swift; sourceTree = "<group>"; };
		D3957C6528F56FC10034283E /* Assets.xcassets */ = {isa = PBXFileReference; lastKnownFileType = folder.assetcatalog; path = Assets.xcassets; sourceTree = "<group>"; };
		D3957C6828F56FC10034283E /* Base */ = {isa = PBXFileReference; lastKnownFileType = file.storyboard; name = Base; path = Base.lproj/LaunchScreen.storyboard; sourceTree = "<group>"; };
		D3957C6A28F56FC10034283E /* Info.plist */ = {isa = PBXFileReference; lastKnownFileType = text.plist.xml; path = Info.plist; sourceTree = "<group>"; };
		D3957C7028F570A90034283E /* MainTabBarViewController.swift */ = {isa = PBXFileReference; lastKnownFileType = sourcecode.swift; path = MainTabBarViewController.swift; sourceTree = "<group>"; };
		D3957C7428F571680034283E /* HomeViewController.swift */ = {isa = PBXFileReference; lastKnownFileType = sourcecode.swift; path = HomeViewController.swift; sourceTree = "<group>"; };
		D3957C7628F571890034283E /* UpcomingViewController.swift */ = {isa = PBXFileReference; lastKnownFileType = sourcecode.swift; path = UpcomingViewController.swift; sourceTree = "<group>"; };
		D3957C7828F571960034283E /* WatchListViewController.swift */ = {isa = PBXFileReference; lastKnownFileType = sourcecode.swift; path = WatchListViewController.swift; sourceTree = "<group>"; };
		D3957C7A28F571AB0034283E /* SearchViewController.swift */ = {isa = PBXFileReference; lastKnownFileType = sourcecode.swift; path = SearchViewController.swift; sourceTree = "<group>"; };
		D39F2C0B28FF5CF5008F050B /* TitleCollectionViewCell.swift */ = {isa = PBXFileReference; lastKnownFileType = sourcecode.swift; path = TitleCollectionViewCell.swift; sourceTree = "<group>"; };
		D3A281A128FC0CDB008E7BEB /* YoutubeSearchResults.swift */ = {isa = PBXFileReference; lastKnownFileType = sourcecode.swift; path = YoutubeSearchResults.swift; sourceTree = "<group>"; };
		D3C20A5D290AB9E0001128AC /* TitleTableViewCell.swift */ = {isa = PBXFileReference; lastKnownFileType = sourcecode.swift; path = TitleTableViewCell.swift; sourceTree = "<group>"; };
		D3C20A5F290ABA1E001128AC /* TitleViewModel.swift */ = {isa = PBXFileReference; lastKnownFileType = sourcecode.swift; path = TitleViewModel.swift; sourceTree = "<group>"; };
		D3C20A62290ABAA3001128AC /* TitlePreviewViewController.swift */ = {isa = PBXFileReference; lastKnownFileType = sourcecode.swift; path = TitlePreviewViewController.swift; sourceTree = "<group>"; };
		D3C20A64290ABAD3001128AC /* SearchResultsViewController.swift */ = {isa = PBXFileReference; lastKnownFileType = sourcecode.swift; path = SearchResultsViewController.swift; sourceTree = "<group>"; };
		D3CA3C7428FF61F20085B68E /* TitlePreviewViewModel.swift */ = {isa = PBXFileReference; lastKnownFileType = sourcecode.swift; path = TitlePreviewViewModel.swift; sourceTree = "<group>"; };
		D3CC910629A8ABD60062E2D6 /* Constants.swift */ = {isa = PBXFileReference; fileEncoding = 4; lastKnownFileType = sourcecode.swift; path = Constants.swift; sourceTree = "<group>"; };
		D3CC910729A8ABD60062E2D6 /* APIHelper.swift */ = {isa = PBXFileReference; fileEncoding = 4; lastKnownFileType = sourcecode.swift; path = APIHelper.swift; sourceTree = "<group>"; };
		D3CC910B29A8AC790062E2D6 /* OpeningScrean.png */ = {isa = PBXFileReference; lastKnownFileType = image.png; path = OpeningScrean.png; sourceTree = "<group>"; };
		D3EE4B2828FBF321001A3401 /* Tiitles.swift */ = {isa = PBXFileReference; lastKnownFileType = sourcecode.swift; path = Tiitles.swift; sourceTree = "<group>"; };
		D3F6726228FAC79900EE1711 /* CollecitonViewTableViewCell.swift */ = {isa = PBXFileReference; lastKnownFileType = sourcecode.swift; path = CollecitonViewTableViewCell.swift; sourceTree = "<group>"; };
		D3F6726428FAD19A00EE1711 /* HomePosterUIView.swift */ = {isa = PBXFileReference; lastKnownFileType = sourcecode.swift; path = HomePosterUIView.swift; sourceTree = "<group>"; };
/* End PBXFileReference section */

/* Begin PBXFrameworksBuildPhase section */
		D3957C5628F56FC10034283E /* Frameworks */ = {
			isa = PBXFrameworksBuildPhase;
			buildActionMask = 2147483647;
			files = (
				5FD86F905148E44126CDE182 /* Pods_FavoriteMovies.framework in Frameworks */,
			);
			runOnlyForDeploymentPostprocessing = 0;
		};
/* End PBXFrameworksBuildPhase section */

/* Begin PBXGroup section */
		51B5E492B1AB356CF6249775 /* Frameworks */ = {
			isa = PBXGroup;
			children = (
				58933F901F72E2026002447A /* Pods_FavoriteMovies.framework */,
			);
			name = Frameworks;
			sourceTree = "<group>";
		};
		A9C2C12B4A33DC445DB47F08 /* Pods */ = {
			isa = PBXGroup;
			children = (
				4F56F49A79565B5550AFB7B8 /* Pods-FavoriteMovies.debug.xcconfig */,
				814F9818DE5F950D7AF2E275 /* Pods-FavoriteMovies.release.xcconfig */,
			);
			path = Pods;
			sourceTree = "<group>";
		};
		D3957C5028F56FC10034283E = {
			isa = PBXGroup;
			children = (
				D3957C5B28F56FC10034283E /* FavoriteMovies */,
				D3957C5A28F56FC10034283E /* Products */,
				A9C2C12B4A33DC445DB47F08 /* Pods */,
				51B5E492B1AB356CF6249775 /* Frameworks */,
			);
			sourceTree = "<group>";
		};
		D3957C5A28F56FC10034283E /* Products */ = {
			isa = PBXGroup;
			children = (
				D3957C5928F56FC10034283E /* FavoriteMovies.app */,
			);
			name = Products;
			sourceTree = "<group>";
		};
		D3957C5B28F56FC10034283E /* FavoriteMovies */ = {
			isa = PBXGroup;
			children = (
				D3CC910A29A8AC370062E2D6 /* ReadmeFiles */,
				D3EE4B2728FBEDF4001A3401 /* Models */,
				D3EE4B2628FBEDE1001A3401 /* ViewModels */,
				D3F6726128FAC76800EE1711 /* Views */,
				D3957C7228F5710A0034283E /* Controllers */,
				D3CC910529A8ABD60062E2D6 /* Managers */,
				D3EE4B2528FBEDC1001A3401 /* SupportingFiles */,
				D3957C6528F56FC10034283E /* Assets.xcassets */,
				D3957C6728F56FC10034283E /* LaunchScreen.storyboard */,
				D3957C6A28F56FC10034283E /* Info.plist */,
			);
			path = FavoriteMovies;
			sourceTree = "<group>";
		};
		D3957C7228F5710A0034283E /* Controllers */ = {
			isa = PBXGroup;
			children = (
				D3C20A61290ABA82001128AC /* General */,
				D3957C7328F571120034283E /* Core */,
			);
			path = Controllers;
			sourceTree = "<group>";
		};
		D3957C7328F571120034283E /* Core */ = {
			isa = PBXGroup;
			children = (
				D3957C7028F570A90034283E /* MainTabBarViewController.swift */,
				D3957C7428F571680034283E /* HomeViewController.swift */,
				D3957C7628F571890034283E /* UpcomingViewController.swift */,
				D3957C7828F571960034283E /* WatchListViewController.swift */,
				D3957C7A28F571AB0034283E /* SearchViewController.swift */,
			);
			path = Core;
			sourceTree = "<group>";
		};
		D3C20A61290ABA82001128AC /* General */ = {
			isa = PBXGroup;
			children = (
				D3C20A62290ABAA3001128AC /* TitlePreviewViewController.swift */,
				D3C20A64290ABAD3001128AC /* SearchResultsViewController.swift */,
			);
			path = General;
			sourceTree = "<group>";
		};
		D3CC910529A8ABD60062E2D6 /* Managers */ = {
			isa = PBXGroup;
			children = (
				D3CC910629A8ABD60062E2D6 /* Constants.swift */,
				D3CC910729A8ABD60062E2D6 /* APIHelper.swift */,
			);
			path = Managers;
			sourceTree = "<group>";
		};
		D3CC910A29A8AC370062E2D6 /* ReadmeFiles */ = {
			isa = PBXGroup;
			children = (
				D3CC910B29A8AC790062E2D6 /* OpeningScrean.png */,
			);
			path = ReadmeFiles;
			sourceTree = "<group>";
		};
		D3EE4B2528FBEDC1001A3401 /* SupportingFiles */ = {
			isa = PBXGroup;
			children = (
				D3957C5C28F56FC10034283E /* AppDelegate.swift */,
				D3957C5E28F56FC10034283E /* SceneDelegate.swift */,
			);
			path = SupportingFiles;
			sourceTree = "<group>";
		};
		D3EE4B2628FBEDE1001A3401 /* ViewModels */ = {
			isa = PBXGroup;
			children = (
				D3CA3C7428FF61F20085B68E /* TitlePreviewViewModel.swift */,
				D3C20A5F290ABA1E001128AC /* TitleViewModel.swift */,
			);
			path = ViewModels;
			sourceTree = "<group>";
		};
		D3EE4B2728FBEDF4001A3401 /* Models */ = {
			isa = PBXGroup;
			children = (
				D3EE4B2828FBF321001A3401 /* Tiitles.swift */,
				D3A281A128FC0CDB008E7BEB /* YoutubeSearchResults.swift */,
			);
			path = Models;
			sourceTree = "<group>";
		};
		D3F6726128FAC76800EE1711 /* Views */ = {
			isa = PBXGroup;
			children = (
				D3F6726228FAC79900EE1711 /* CollecitonViewTableViewCell.swift */,
				D3F6726428FAD19A00EE1711 /* HomePosterUIView.swift */,
				D39F2C0B28FF5CF5008F050B /* TitleCollectionViewCell.swift */,
				D3C20A5D290AB9E0001128AC /* TitleTableViewCell.swift */,
			);
			path = Views;
			sourceTree = "<group>";
		};
/* End PBXGroup section */

/* Begin PBXNativeTarget section */
		D3957C5828F56FC10034283E /* FavoriteMovies */ = {
			isa = PBXNativeTarget;
			buildConfigurationList = D3957C6D28F56FC10034283E /* Build configuration list for PBXNativeTarget "FavoriteMovies" */;
			buildPhases = (
				01A4E027609B65D5C619ACB4 /* [CP] Check Pods Manifest.lock */,
				D3957C5528F56FC10034283E /* Sources */,
				D3957C5628F56FC10034283E /* Frameworks */,
				D3957C5728F56FC10034283E /* Resources */,
				7044CB6F954762CEC8497E3C /* [CP] Embed Pods Frameworks */,
			);
			buildRules = (
			);
			dependencies = (
			);
			name = FavoriteMovies;
			productName = FavoriteMovies;
			productReference = D3957C5928F56FC10034283E /* FavoriteMovies.app */;
			productType = "com.apple.product-type.application";
		};
/* End PBXNativeTarget section */

/* Begin PBXProject section */
		D3957C5128F56FC10034283E /* Project object */ = {
			isa = PBXProject;
			attributes = {
				BuildIndependentTargetsInParallel = 1;
				LastSwiftUpdateCheck = 1400;
				LastUpgradeCheck = 1400;
				TargetAttributes = {
					D3957C5828F56FC10034283E = {
						CreatedOnToolsVersion = 14.0.1;
					};
				};
			};
			buildConfigurationList = D3957C5428F56FC10034283E /* Build configuration list for PBXProject "FavoriteMovies" */;
			compatibilityVersion = "Xcode 14.0";
			developmentRegion = en;
			hasScannedForEncodings = 0;
			knownRegions = (
				en,
				Base,
			);
			mainGroup = D3957C5028F56FC10034283E;
			productRefGroup = D3957C5A28F56FC10034283E /* Products */;
			projectDirPath = "";
			projectRoot = "";
			targets = (
				D3957C5828F56FC10034283E /* FavoriteMovies */,
			);
		};
/* End PBXProject section */

/* Begin PBXResourcesBuildPhase section */
		D3957C5728F56FC10034283E /* Resources */ = {
			isa = PBXResourcesBuildPhase;
			buildActionMask = 2147483647;
			files = (
				D3957C6928F56FC10034283E /* LaunchScreen.storyboard in Resources */,
				D3CC910C29A8AC7A0062E2D6 /* OpeningScrean.png in Resources */,
				D3957C6628F56FC10034283E /* Assets.xcassets in Resources */,
			);
			runOnlyForDeploymentPostprocessing = 0;
		};
/* End PBXResourcesBuildPhase section */

/* Begin PBXShellScriptBuildPhase section */
		01A4E027609B65D5C619ACB4 /* [CP] Check Pods Manifest.lock */ = {
			isa = PBXShellScriptBuildPhase;
			buildActionMask = 2147483647;
			files = (
			);
			inputFileListPaths = (
			);
			inputPaths = (
				"${PODS_PODFILE_DIR_PATH}/Podfile.lock",
				"${PODS_ROOT}/Manifest.lock",
			);
			name = "[CP] Check Pods Manifest.lock";
			outputFileListPaths = (
			);
			outputPaths = (
				"$(DERIVED_FILE_DIR)/Pods-FavoriteMovies-checkManifestLockResult.txt",
			);
			runOnlyForDeploymentPostprocessing = 0;
			shellPath = /bin/sh;
			shellScript = "diff \"${PODS_PODFILE_DIR_PATH}/Podfile.lock\" \"${PODS_ROOT}/Manifest.lock\" > /dev/null\nif [ $? != 0 ] ; then\n    # print error to STDERR\n    echo \"error: The sandbox is not in sync with the Podfile.lock. Run 'pod install' or update your CocoaPods installation.\" >&2\n    exit 1\nfi\n# This output is used by Xcode 'outputs' to avoid re-running this script phase.\necho \"SUCCESS\" > \"${SCRIPT_OUTPUT_FILE_0}\"\n";
			showEnvVarsInLog = 0;
		};
		7044CB6F954762CEC8497E3C /* [CP] Embed Pods Frameworks */ = {
			isa = PBXShellScriptBuildPhase;
			buildActionMask = 2147483647;
			files = (
			);
			inputFileListPaths = (
				"${PODS_ROOT}/Target Support Files/Pods-FavoriteMovies/Pods-FavoriteMovies-frameworks-${CONFIGURATION}-input-files.xcfilelist",
			);
			name = "[CP] Embed Pods Frameworks";
			outputFileListPaths = (
				"${PODS_ROOT}/Target Support Files/Pods-FavoriteMovies/Pods-FavoriteMovies-frameworks-${CONFIGURATION}-output-files.xcfilelist",
			);
			runOnlyForDeploymentPostprocessing = 0;
			shellPath = /bin/sh;
			shellScript = "\"${PODS_ROOT}/Target Support Files/Pods-FavoriteMovies/Pods-FavoriteMovies-frameworks.sh\"\n";
			showEnvVarsInLog = 0;
		};
/* End PBXShellScriptBuildPhase section */

/* Begin PBXSourcesBuildPhase section */
		D3957C5528F56FC10034283E /* Sources */ = {
			isa = PBXSourcesBuildPhase;
			buildActionMask = 2147483647;
			files = (
				D3F6726528FAD19A00EE1711 /* HomePosterUIView.swift in Sources */,
				D3957C7128F570A90034283E /* MainTabBarViewController.swift in Sources */,
				D3A281A228FC0CDB008E7BEB /* YoutubeSearchResults.swift in Sources */,
				D3CA3C7528FF61F20085B68E /* TitlePreviewViewModel.swift in Sources */,
				D3EE4B2928FBF321001A3401 /* Tiitles.swift in Sources */,
				D3CC910929A8ABD60062E2D6 /* APIHelper.swift in Sources */,
				D3957C7B28F571AB0034283E /* SearchViewController.swift in Sources */,
				D3957C5D28F56FC10034283E /* AppDelegate.swift in Sources */,
				D3957C5F28F56FC10034283E /* SceneDelegate.swift in Sources */,
				D3C20A5E290AB9E1001128AC /* TitleTableViewCell.swift in Sources */,
				D3C20A60290ABA1E001128AC /* TitleViewModel.swift in Sources */,
				D39F2C0C28FF5CF5008F050B /* TitleCollectionViewCell.swift in Sources */,
				D3957C7728F571890034283E /* UpcomingViewController.swift in Sources */,
				D3957C7928F571960034283E /* WatchListViewController.swift in Sources */,
				D3C20A63290ABAA3001128AC /* TitlePreviewViewController.swift in Sources */,
				D3957C7528F571680034283E /* HomeViewController.swift in Sources */,
				D3C20A65290ABAD3001128AC /* SearchResultsViewController.swift in Sources */,
				D3F6726328FAC79900EE1711 /* CollecitonViewTableViewCell.swift in Sources */,
				D3CC910829A8ABD60062E2D6 /* Constants.swift in Sources */,
			);
			runOnlyForDeploymentPostprocessing = 0;
		};
/* End PBXSourcesBuildPhase section */

/* Begin PBXVariantGroup section */
		D3957C6728F56FC10034283E /* LaunchScreen.storyboard */ = {
			isa = PBXVariantGroup;
			children = (
				D3957C6828F56FC10034283E /* Base */,
			);
			name = LaunchScreen.storyboard;
			sourceTree = "<group>";
		};
/* End PBXVariantGroup section */

/* Begin XCBuildConfiguration section */
		D3957C6B28F56FC10034283E /* Debug */ = {
			isa = XCBuildConfiguration;
			buildSettings = {
				ALWAYS_SEARCH_USER_PATHS = NO;
				CLANG_ANALYZER_NONNULL = YES;
				CLANG_ANALYZER_NUMBER_OBJECT_CONVERSION = YES_AGGRESSIVE;
				CLANG_CXX_LANGUAGE_STANDARD = "gnu++20";
				CLANG_ENABLE_MODULES = YES;
				CLANG_ENABLE_OBJC_ARC = YES;
				CLANG_ENABLE_OBJC_WEAK = YES;
				CLANG_WARN_BLOCK_CAPTURE_AUTORELEASING = YES;
				CLANG_WARN_BOOL_CONVERSION = YES;
				CLANG_WARN_COMMA = YES;
				CLANG_WARN_CONSTANT_CONVERSION = YES;
				CLANG_WARN_DEPRECATED_OBJC_IMPLEMENTATIONS = YES;
				CLANG_WARN_DIRECT_OBJC_ISA_USAGE = YES_ERROR;
				CLANG_WARN_DOCUMENTATION_COMMENTS = YES;
				CLANG_WARN_EMPTY_BODY = YES;
				CLANG_WARN_ENUM_CONVERSION = YES;
				CLANG_WARN_INFINITE_RECURSION = YES;
				CLANG_WARN_INT_CONVERSION = YES;
				CLANG_WARN_NON_LITERAL_NULL_CONVERSION = YES;
				CLANG_WARN_OBJC_IMPLICIT_RETAIN_SELF = YES;
				CLANG_WARN_OBJC_LITERAL_CONVERSION = YES;
				CLANG_WARN_OBJC_ROOT_CLASS = YES_ERROR;
				CLANG_WARN_QUOTED_INCLUDE_IN_FRAMEWORK_HEADER = YES;
				CLANG_WARN_RANGE_LOOP_ANALYSIS = YES;
				CLANG_WARN_STRICT_PROTOTYPES = YES;
				CLANG_WARN_SUSPICIOUS_MOVE = YES;
				CLANG_WARN_UNGUARDED_AVAILABILITY = YES_AGGRESSIVE;
				CLANG_WARN_UNREACHABLE_CODE = YES;
				CLANG_WARN__DUPLICATE_METHOD_MATCH = YES;
				COPY_PHASE_STRIP = NO;
				DEBUG_INFORMATION_FORMAT = dwarf;
				ENABLE_STRICT_OBJC_MSGSEND = YES;
				ENABLE_TESTABILITY = YES;
				GCC_C_LANGUAGE_STANDARD = gnu11;
				GCC_DYNAMIC_NO_PIC = NO;
				GCC_NO_COMMON_BLOCKS = YES;
				GCC_OPTIMIZATION_LEVEL = 0;
				GCC_PREPROCESSOR_DEFINITIONS = (
					"DEBUG=1",
					"$(inherited)",
				);
				GCC_WARN_64_TO_32_BIT_CONVERSION = YES;
				GCC_WARN_ABOUT_RETURN_TYPE = YES_ERROR;
				GCC_WARN_UNDECLARED_SELECTOR = YES;
				GCC_WARN_UNINITIALIZED_AUTOS = YES_AGGRESSIVE;
				GCC_WARN_UNUSED_FUNCTION = YES;
				GCC_WARN_UNUSED_VARIABLE = YES;
				IPHONEOS_DEPLOYMENT_TARGET = 16.0;
				MTL_ENABLE_DEBUG_INFO = INCLUDE_SOURCE;
				MTL_FAST_MATH = YES;
				ONLY_ACTIVE_ARCH = YES;
				SDKROOT = iphoneos;
				SWIFT_ACTIVE_COMPILATION_CONDITIONS = DEBUG;
				SWIFT_OPTIMIZATION_LEVEL = "-Onone";
			};
			name = Debug;
		};
		D3957C6C28F56FC10034283E /* Release */ = {
			isa = XCBuildConfiguration;
			buildSettings = {
				ALWAYS_SEARCH_USER_PATHS = NO;
				CLANG_ANALYZER_NONNULL = YES;
				CLANG_ANALYZER_NUMBER_OBJECT_CONVERSION = YES_AGGRESSIVE;
				CLANG_CXX_LANGUAGE_STANDARD = "gnu++20";
				CLANG_ENABLE_MODULES = YES;
				CLANG_ENABLE_OBJC_ARC = YES;
				CLANG_ENABLE_OBJC_WEAK = YES;
				CLANG_WARN_BLOCK_CAPTURE_AUTORELEASING = YES;
				CLANG_WARN_BOOL_CONVERSION = YES;
				CLANG_WARN_COMMA = YES;
				CLANG_WARN_CONSTANT_CONVERSION = YES;
				CLANG_WARN_DEPRECATED_OBJC_IMPLEMENTATIONS = YES;
				CLANG_WARN_DIRECT_OBJC_ISA_USAGE = YES_ERROR;
				CLANG_WARN_DOCUMENTATION_COMMENTS = YES;
				CLANG_WARN_EMPTY_BODY = YES;
				CLANG_WARN_ENUM_CONVERSION = YES;
				CLANG_WARN_INFINITE_RECURSION = YES;
				CLANG_WARN_INT_CONVERSION = YES;
				CLANG_WARN_NON_LITERAL_NULL_CONVERSION = YES;
				CLANG_WARN_OBJC_IMPLICIT_RETAIN_SELF = YES;
				CLANG_WARN_OBJC_LITERAL_CONVERSION = YES;
				CLANG_WARN_OBJC_ROOT_CLASS = YES_ERROR;
				CLANG_WARN_QUOTED_INCLUDE_IN_FRAMEWORK_HEADER = YES;
				CLANG_WARN_RANGE_LOOP_ANALYSIS = YES;
				CLANG_WARN_STRICT_PROTOTYPES = YES;
				CLANG_WARN_SUSPICIOUS_MOVE = YES;
				CLANG_WARN_UNGUARDED_AVAILABILITY = YES_AGGRESSIVE;
				CLANG_WARN_UNREACHABLE_CODE = YES;
				CLANG_WARN__DUPLICATE_METHOD_MATCH = YES;
				COPY_PHASE_STRIP = NO;
				DEBUG_INFORMATION_FORMAT = "dwarf-with-dsym";
				ENABLE_NS_ASSERTIONS = NO;
				ENABLE_STRICT_OBJC_MSGSEND = YES;
				GCC_C_LANGUAGE_STANDARD = gnu11;
				GCC_NO_COMMON_BLOCKS = YES;
				GCC_WARN_64_TO_32_BIT_CONVERSION = YES;
				GCC_WARN_ABOUT_RETURN_TYPE = YES_ERROR;
				GCC_WARN_UNDECLARED_SELECTOR = YES;
				GCC_WARN_UNINITIALIZED_AUTOS = YES_AGGRESSIVE;
				GCC_WARN_UNUSED_FUNCTION = YES;
				GCC_WARN_UNUSED_VARIABLE = YES;
				IPHONEOS_DEPLOYMENT_TARGET = 16.0;
				MTL_ENABLE_DEBUG_INFO = NO;
				MTL_FAST_MATH = YES;
				SDKROOT = iphoneos;
				SWIFT_COMPILATION_MODE = wholemodule;
				SWIFT_OPTIMIZATION_LEVEL = "-O";
				VALIDATE_PRODUCT = YES;
			};
			name = Release;
		};
		D3957C6E28F56FC10034283E /* Debug */ = {
			isa = XCBuildConfiguration;
			baseConfigurationReference = 4F56F49A79565B5550AFB7B8 /* Pods-FavoriteMovies.debug.xcconfig */;
			buildSettings = {
				ASSETCATALOG_COMPILER_APPICON_NAME = AppIcon;
				ASSETCATALOG_COMPILER_GLOBAL_ACCENT_COLOR_NAME = AccentColor;
				CODE_SIGN_STYLE = Automatic;
				CURRENT_PROJECT_VERSION = 1;
				DEVELOPMENT_TEAM = 7YR5648XWB;
				GENERATE_INFOPLIST_FILE = YES;
				INFOPLIST_FILE = FavoriteMovies/Info.plist;
				INFOPLIST_KEY_UIApplicationSupportsIndirectInputEvents = YES;
				INFOPLIST_KEY_UILaunchStoryboardName = LaunchScreen;
				INFOPLIST_KEY_UISupportedInterfaceOrientations_iPad = "UIInterfaceOrientationPortrait UIInterfaceOrientationPortraitUpsideDown UIInterfaceOrientationLandscapeLeft UIInterfaceOrientationLandscapeRight";
				INFOPLIST_KEY_UISupportedInterfaceOrientations_iPhone = "UIInterfaceOrientationPortrait UIInterfaceOrientationLandscapeLeft UIInterfaceOrientationLandscapeRight";
				LD_RUNPATH_SEARCH_PATHS = (
					"$(inherited)",
					"@executable_path/Frameworks",
				);
				MARKETING_VERSION = 1.0;
				PRODUCT_BUNDLE_IDENTIFIER = "can-c.FavoriteMovies";
				PRODUCT_NAME = "$(TARGET_NAME)";
				SWIFT_EMIT_LOC_STRINGS = YES;
				SWIFT_VERSION = 5.0;
				TARGETED_DEVICE_FAMILY = "1,2";
			};
			name = Debug;
		};
		D3957C6F28F56FC10034283E /* Release */ = {
			isa = XCBuildConfiguration;
			baseConfigurationReference = 814F9818DE5F950D7AF2E275 /* Pods-FavoriteMovies.release.xcconfig */;
			buildSettings = {
				ASSETCATALOG_COMPILER_APPICON_NAME = AppIcon;
				ASSETCATALOG_COMPILER_GLOBAL_ACCENT_COLOR_NAME = AccentColor;
				CODE_SIGN_STYLE = Automatic;
				CURRENT_PROJECT_VERSION = 1;
				DEVELOPMENT_TEAM = 7YR5648XWB;
				GENERATE_INFOPLIST_FILE = YES;
				INFOPLIST_FILE = FavoriteMovies/Info.plist;
				INFOPLIST_KEY_UIApplicationSupportsIndirectInputEvents = YES;
				INFOPLIST_KEY_UILaunchStoryboardName = LaunchScreen;
				INFOPLIST_KEY_UISupportedInterfaceOrientations_iPad = "UIInterfaceOrientationPortrait UIInterfaceOrientationPortraitUpsideDown UIInterfaceOrientationLandscapeLeft UIInterfaceOrientationLandscapeRight";
				INFOPLIST_KEY_UISupportedInterfaceOrientations_iPhone = "UIInterfaceOrientationPortrait UIInterfaceOrientationLandscapeLeft UIInterfaceOrientationLandscapeRight";
				LD_RUNPATH_SEARCH_PATHS = (
					"$(inherited)",
					"@executable_path/Frameworks",
				);
				MARKETING_VERSION = 1.0;
				PRODUCT_BUNDLE_IDENTIFIER = "can-c.FavoriteMovies";
				PRODUCT_NAME = "$(TARGET_NAME)";
				SWIFT_EMIT_LOC_STRINGS = YES;
				SWIFT_VERSION = 5.0;
				TARGETED_DEVICE_FAMILY = "1,2";
			};
			name = Release;
		};
/* End XCBuildConfiguration section */

/* Begin XCConfigurationList section */
		D3957C5428F56FC10034283E /* Build configuration list for PBXProject "FavoriteMovies" */ = {
			isa = XCConfigurationList;
			buildConfigurations = (
				D3957C6B28F56FC10034283E /* Debug */,
				D3957C6C28F56FC10034283E /* Release */,
			);
			defaultConfigurationIsVisible = 0;
			defaultConfigurationName = Release;
		};
		D3957C6D28F56FC10034283E /* Build configuration list for PBXNativeTarget "FavoriteMovies" */ = {
			isa = XCConfigurationList;
			buildConfigurations = (
				D3957C6E28F56FC10034283E /* Debug */,
				D3957C6F28F56FC10034283E /* Release */,
			);
			defaultConfigurationIsVisible = 0;
			defaultConfigurationName = Release;
		};
/* End XCConfigurationList section */
	};
	rootObject = D3957C5128F56FC10034283E /* Project object */;
}
